
Microsoft Visual Studio Solution File, Format Version 12.00
Project("{FAE04EC0-301F-11D3-BF4B-00C04F79EFBC}") = "ORPZ-lab4", "ORPZ-lab4\ORPZ-lab4.csproj", "{173BE093-6F56-4CF6-988C-AD774A5F06D8}"
EndProject
Global
	GlobalSection(SolutionConfigurationPlatforms) = preSolution
		Debug|Any CPU = Debug|Any CPU
		Release|Any CPU = Release|Any CPU
	EndGlobalSection
	GlobalSection(ProjectConfigurationPlatforms) = postSolution
		{173BE093-6F56-4CF6-988C-AD774A5F06D8}.Debug|Any CPU.ActiveCfg = Debug|Any CPU
		{173BE093-6F56-4CF6-988C-AD774A5F06D8}.Debug|Any CPU.Build.0 = Debug|Any CPU
		{173BE093-6F56-4CF6-988C-AD774A5F06D8}.Release|Any CPU.ActiveCfg = Release|Any CPU
		{173BE093-6F56-4CF6-988C-AD774A5F06D8}.Release|Any CPU.Build.0 = Release|Any CPU
	EndGlobalSection
EndGlobal
